
Microsoft Visual Studio Solution File, Format Version 12.00
# Visual Studio Version 16
VisualStudioVersion = 16.0.30517.126
MinimumVisualStudioVersion = 10.0.40219.1
Project("{FAE04EC0-301F-11D3-BF4B-00C04F79EFBC}") = "Base2Caso5", "Base2Caso5\Base2Caso5.csproj", "{067BCF22-56BB-4B84-AA22-D49BA2CEE4E9}"
EndProject
Global
	GlobalSection(SolutionConfigurationPlatforms) = preSolution
		Debug|Any CPU = Debug|Any CPU
		Release|Any CPU = Release|Any CPU
	EndGlobalSection
	GlobalSection(ProjectConfigurationPlatforms) = postSolution
		{067BCF22-56BB-4B84-AA22-D49BA2CEE4E9}.Debug|Any CPU.ActiveCfg = Debug|Any CPU
		{067BCF22-56BB-4B84-AA22-D49BA2CEE4E9}.Debug|Any CPU.Build.0 = Debug|Any CPU
		{067BCF22-56BB-4B84-AA22-D49BA2CEE4E9}.Release|Any CPU.ActiveCfg = Release|Any CPU
		{067BCF22-56BB-4B84-AA22-D49BA2CEE4E9}.Release|Any CPU.Build.0 = Release|Any CPU
	EndGlobalSection
	GlobalSection(SolutionProperties) = preSolution
		HideSolutionNode = FALSE
	EndGlobalSection
	GlobalSection(ExtensibilityGlobals) = postSolution
		SolutionGuid = {3F3D20E7-6862-4FE5-9F7F-FCE859340B24}
	EndGlobalSection
EndGlobal
